# This file is automatically @generated by Cargo.
# It is not intended for manual editing.
version = 4

[[package]]
name = "hh-assembly"
version = "0.0.1"
dependencies = [
 "hh-budget",
 "hh-hir",
 "hh-identity",
 "hh-ledger",
 "hh-ontology",
 "hh-provenance",
 "hh-registry",
 "hh-wire",
]

[[package]]
name = "hh-budget"
version = "0.0.1"
dependencies = [
 "hh-hir",
 "hh-identity",
 "hh-ledger",
 "hh-ontology",
 "hh-provenance",
 "hh-wire",
]

[[package]]
name = "hh-cli"
version = "0.0.1"
dependencies = [
 "hh-assembly",
 "hh-embed",
 "hh-embed-client-generated",
 "hh-embed-schema",
 "hh-hir",
 "hh-identity",
 "hh-ledger",
 "hh-ontology",
 "hh-provenance",
 "hh-wire",
]

[[package]]
name = "hh-codegen"
version = "0.0.1"
dependencies = [
 "hh-embed-schema",
 "hh-wire",
]

[[package]]
name = "hh-compiler"
version = "0.0.1"
dependencies = [
 "hh-assembly",
 "hh-hir",
 "hh-identity",
 "hh-ontology",
 "hh-provenance",
 "hh-registry",
 "hh-wire",
]

[[package]]
name = "hh-containment"
version = "0.0.1"
dependencies = [
 "hh-compiler",
 "hh-hir",
 "hh-identity",
 "hh-monitor",
 "hh-provenance",
 "hh-wire",
]

[[package]]
name = "hh-context"
version = "0.0.1"
dependencies = [
 "hh-hir",
 "hh-identity",
 "hh-ledger",
 "hh-provenance",
 "hh-telemetry",
 "hh-wire",
]

[[package]]
name = "hh-control"
version = "0.0.1"
dependencies = [
 "hh-budget",
 "hh-compiler",
 "hh-context",
 "hh-env",
 "hh-gateway",
 "hh-hir",
 "hh-identity",
 "hh-ledger",
 "hh-ontology",
 "hh-provenance",
 "hh-verification",
 "hh-wire",
]

[[package]]
name = "hh-embed"
version = "0.0.1"
dependencies = [
 "hh-assembly",
 "hh-containment",
 "hh-control",
 "hh-embed-schema",
 "hh-env",
 "hh-gateway",
 "hh-hir",
 "hh-identity",
 "hh-ledger",
 "hh-monitor",
 "hh-ontology",
 "hh-provenance",
 "hh-registry",
 "hh-secrets",
 "hh-wire",
]

[[package]]
name = "hh-embed-client-generated"
version = "0.0.1"
dependencies = [
 "hh-embed-schema",
 "hh-wire",
]

[[package]]
name = "hh-embed-schema"
version = "0.0.1"
dependencies = [
 "hh-identity",
 "hh-wire",
]

[[package]]
name = "hh-env"
version = "0.0.1"
dependencies = [
 "hh-budget",
 "hh-compiler",
 "hh-containment",
 "hh-hir",
 "hh-identity",
 "hh-ledger",
 "hh-monitor",
 "hh-ontology",
 "hh-provenance",
 "hh-registry",
 "hh-secrets",
 "hh-verification",
 "hh-wire",
]

[[package]]
name = "hh-gateway"
version = "0.0.1"
dependencies = [
 "hh-budget",
 "hh-compiler",
 "hh-containment",
 "hh-identity",
 "hh-ledger",
 "hh-provenance",
 "hh-secrets",
 "hh-telemetry",
 "hh-wire",
]

[[package]]
name = "hh-hir"
version = "0.0.1"
dependencies = [
 "hh-identity",
 "hh-ontology",
 "hh-provenance",
 "hh-wire",
]

[[package]]
name = "hh-identity"
version = "0.0.1"
dependencies = [
 "hh-provenance",
 "hh-wire",
]

[[package]]
name = "hh-kernel"
version = "0.0.1"
dependencies = [
 "hh-embed",
 "hh-embed-client-generated",
 "hh-embed-schema",
 "hh-wire",
]

[[package]]
name = "hh-lab"
version = "0.0.1"
dependencies = [
 "hh-budget",
 "hh-hir",
 "hh-identity",
 "hh-ontology",
 "hh-provenance",
 "hh-wire",
]

[[package]]
name = "hh-ledger"
version = "0.0.1"
dependencies = [
 "hh-identity",
 "hh-ontology",
 "hh-provenance",
 "hh-wire",
]

[[package]]
name = "hh-monitor"
version = "0.0.1"
dependencies = [
 "hh-assembly",
 "hh-compiler",
 "hh-hir",
 "hh-identity",
 "hh-ledger",
 "hh-ontology",
 "hh-provenance",
 "hh-wire",
]

[[package]]
name = "hh-ontology"
version = "0.0.1"
dependencies = [
 "hh-identity",
 "hh-provenance",
 "hh-wire",
]

[[package]]
name = "hh-plugin"
version = "0.0.1"
dependencies = [
 "hh-identity",
 "hh-ontology",
 "hh-provenance",
 "hh-wire",
]

[[package]]
name = "hh-provenance"
version = "0.0.1"
dependencies = [
 "hh-wire",
]

[[package]]
name = "hh-registry"
version = "0.0.1"
dependencies = [
 "hh-hir",
 "hh-identity",
 "hh-ledger",
 "hh-ontology",
 "hh-plugin",
 "hh-provenance",
 "hh-wire",
]

[[package]]
name = "hh-secrets"
version = "0.0.1"
dependencies = [
 "hh-containment",
 "hh-hir",
 "hh-identity",
 "hh-ledger",
 "hh-monitor",
 "hh-ontology",
 "hh-provenance",
 "hh-wire",
]

[[package]]
name = "hh-telemetry"
version = "0.0.1"
dependencies = [
 "hh-budget",
 "hh-identity",
 "hh-ledger",
 "hh-ontology",
 "hh-provenance",
 "hh-wire",
]

[[package]]
name = "hh-verification"
version = "0.0.1"
dependencies = [
 "hh-compiler",
 "hh-hir",
 "hh-identity",
 "hh-ontology",
 "hh-provenance",
 "hh-telemetry",
 "hh-wire",
]

[[package]]
name = "hh-wire"
version = "0.0.1"
