# This file is automatically @generated by Cargo.
# It is not intended for manual editing.
version = 4

[[package]]
name = "hh-baseline"
version = "0.0.1"
dependencies = [
 "hh-embed-schema",
 "hh-provenance",
 "hh-wire",
]

[[package]]
name = "hh-codegen"
version = "0.0.1"
dependencies = [
 "hh-embed-schema",
 "hh-wire",
]

[[package]]
name = "hh-embed-client-generated"
version = "0.0.1"
dependencies = [
 "hh-embed-schema",
 "hh-wire",
]

[[package]]
name = "hh-embed-schema"
version = "0.0.1"
dependencies = [
 "hh-identity",
 "hh-wire",
]

[[package]]
name = "hh-hir"
version = "0.0.1"
dependencies = [
 "hh-identity",
 "hh-ontology",
 "hh-provenance",
 "hh-wire",
]

[[package]]
name = "hh-identity"
version = "0.0.1"
dependencies = [
 "hh-provenance",
 "hh-wire",
]

[[package]]
name = "hh-kernel"
version = "0.0.1"
dependencies = [
 "hh-embed-client-generated",
 "hh-embed-schema",
 "hh-wire",
]

[[package]]
name = "hh-ledger"
version = "0.0.1"
dependencies = [
 "hh-identity",
 "hh-ontology",
 "hh-provenance",
 "hh-wire",
]

[[package]]
name = "hh-ontology"
version = "0.0.1"
dependencies = [
 "hh-identity",
 "hh-wire",
]

[[package]]
name = "hh-provenance"
version = "0.0.1"
dependencies = [
 "hh-wire",
]

[[package]]
name = "hh-wire"
version = "0.0.1"
