# This file is automatically @generated by Cargo.
# It is not intended for manual editing.
version = 4

[[package]]
name = "hh-wire"
version = "0.0.1"

[[package]]
name = "s03b-e1-ref"
version = "0.0.0"
dependencies = [
 "hh-wire",
 "s1-kernel-spike",
]

[[package]]
name = "s1-kernel-spike"
version = "0.0.0"
dependencies = [
 "hh-wire",
]
