# This file is automatically @generated by Cargo.
# It is not intended for manual editing.
version = 4

[[package]]
name = "hh-embed-client-generated"
version = "0.0.1"
dependencies = [
 "hh-wire",
]

[[package]]
name = "hh-wire"
version = "0.0.1"

[[package]]
name = "s2-boundary-spike"
version = "0.0.0"
dependencies = [
 "hh-embed-client-generated",
]
